
Microsoft Visual Studio Solution File, Format Version 12.00
# Visual Studio Version 17
VisualStudioVersion = 17.11.35312.102
MinimumVisualStudioVersion = 10.0.40219.1
Project("{2150E333-8FDC-42A3-9474-1A3956D46DE8}") = "Task0", "Task0", "{E9E097C8-1E85-482E-A76E-54F29FDD0367}"
EndProject
Project("{FAE04EC0-301F-11D3-BF4B-00C04F79EFBC}") = "Tyuiu.BelousovaOD.Sprint1.Task0.V21", "Tyuiu.BelousovaOD.Sprint1.Task0.V21\Tyuiu.BelousovaOD.Sprint1.Task0.V21.csproj", "{40B4D338-6CF8-4BFA-9A25-E757F1DF52E6}"
EndProject
Project("{FAE04EC0-301F-11D3-BF4B-00C04F79EFBC}") = "Tyuiu.BelousovaOD.Sprint1.Task0.V21.Lib", "Tyuiu.BelousovaOD.Sprint1.Task0.V21.Lib\Tyuiu.BelousovaOD.Sprint1.Task0.V21.Lib.csproj", "{EF20650D-857A-4197-BAF6-76B118A64C0E}"
EndProject
Project("{FAE04EC0-301F-11D3-BF4B-00C04F79EFBC}") = "Tyuiu.BelousovaOD.Sprint1.Task0.V21.Test", "Tyuiu.BelousovaOD.Sprint1.Task0.V21.Test\Tyuiu.BelousovaOD.Sprint1.Task0.V21.Test.csproj", "{C477D718-582A-412C-8AA1-675A667FF208}"
EndProject
Project("{2150E333-8FDC-42A3-9474-1A3956D46DE8}") = "Task1", "Task1", "{0AA8C66A-FC8F-48DC-83F9-34197BA65076}"
EndProject
Project("{FAE04EC0-301F-11D3-BF4B-00C04F79EFBC}") = "Tyuiu.BelousovaOD.Sprint1.Task1.V13", "Tyuiu.BelousovaOD.Sprint1.Task1.V13\Tyuiu.BelousovaOD.Sprint1.Task1.V13.csproj", "{5450C7A1-C6C5-45B1-90ED-3BDAC9A6C2CD}"
EndProject
Project("{FAE04EC0-301F-11D3-BF4B-00C04F79EFBC}") = "Tyuiu.BelousovaOD.Sprint1.Task1.V13.Lib", "Tyuiu.BelousovaOD.Sprint1.Task1.V13.Lib\Tyuiu.BelousovaOD.Sprint1.Task1.V13.Lib.csproj", "{58E9D469-464E-4553-9C4D-D97728D4189A}"
EndProject
Project("{FAE04EC0-301F-11D3-BF4B-00C04F79EFBC}") = "Tyuiu.BelousovaOD.Sprint1.Task1.V13.Test", "Tyuiu.BelousovaOD.Sprint1.Task1.V13.Test\Tyuiu.BelousovaOD.Sprint1.Task1.V13.Test.csproj", "{9F57F014-61EB-455F-83F9-C06B91B57BF7}"
EndProject
Project("{2150E333-8FDC-42A3-9474-1A3956D46DE8}") = "Task2", "Task2", "{60527A5C-4258-4BA6-8C67-BC1B85080CAE}"
EndProject
Project("{FAE04EC0-301F-11D3-BF4B-00C04F79EFBC}") = "Tyuiu.BelousovaOD.Sprint1.Task2.V28", "Tyuiu.BelousovaOD.Sprint1.Task2.V28\Tyuiu.BelousovaOD.Sprint1.Task2.V28.csproj", "{94538919-E81C-4EE5-9545-7C38DCAFA179}"
EndProject
Project("{FAE04EC0-301F-11D3-BF4B-00C04F79EFBC}") = "Tyuiu.BelousovaOD.Sprint1.Task2.V28.Lib", "Tyuiu.BelousovaOD.Sprint1.Task2.V28.Lib\Tyuiu.BelousovaOD.Sprint1.Task2.V28.Lib.csproj", "{09B891AE-89EC-46B4-ADFE-5FA414212A4F}"
EndProject
Project("{FAE04EC0-301F-11D3-BF4B-00C04F79EFBC}") = "Tyuiu.BelousovaOD.Sprint1.Task2.V28.Test", "Tyuiu.BelousovaOD.Sprint1.Task2.V28.Test\Tyuiu.BelousovaOD.Sprint1.Task2.V28.Test.csproj", "{3F3644F5-D889-4921-BE25-17B6CDA2F47C}"
EndProject
Project("{2150E333-8FDC-42A3-9474-1A3956D46DE8}") = "Task3", "Task3", "{3E8281F0-7B6A-4494-A8B5-F379E5889E0D}"
EndProject
Project("{FAE04EC0-301F-11D3-BF4B-00C04F79EFBC}") = "Tyuiu.BelousovaOD.Sprint1.Task3.V11", "Tyuiu.BelousovaOD.Sprint1.Task3.V11\Tyuiu.BelousovaOD.Sprint1.Task3.V11.csproj", "{2E3711B8-B14E-466A-9CF8-8C7F414769D9}"
EndProject
Project("{FAE04EC0-301F-11D3-BF4B-00C04F79EFBC}") = "Tyuiu.BelousovaOD.Sprint1.Task3.V11.Test", "Tyuiu.BelousovaOD.Sprint1.Task3.V11.Test\Tyuiu.BelousovaOD.Sprint1.Task3.V11.Test.csproj", "{A55B8D7E-57D1-4AAC-A896-0791BE4D8D23}"
EndProject
Project("{FAE04EC0-301F-11D3-BF4B-00C04F79EFBC}") = "Tyuiu.BelousovaOD.Sprint1.Task3.V11.Lib", "Tyuiu.BelousovaOD.Sprint1.Task3.V11.Lib\Tyuiu.BelousovaOD.Sprint1.Task3.V11.Lib.csproj", "{9D2E3760-B038-4733-AFAB-C10C1F1301AB}"
EndProject
Project("{2150E333-8FDC-42A3-9474-1A3956D46DE8}") = "Task4", "Task4", "{057EEAA8-7A31-4D24-B8CE-3DE3E732449A}"
EndProject
Project("{FAE04EC0-301F-11D3-BF4B-00C04F79EFBC}") = "Tyuiu.BelousovaOD.Sprint1.Task4.V12", "Tyuiu.BelousovaOD.Sprint1.Task64V12\Tyuiu.BelousovaOD.Sprint1.Task4.V12.csproj", "{813E3538-B487-461B-AC5A-6CE1D6EF9E65}"
EndProject
Project("{FAE04EC0-301F-11D3-BF4B-00C04F79EFBC}") = "Tyuiu.BelousovaOD.Sprint1.Task4.V12.Lib", "Tyuiu.BelousovaOD.Sprint1.Task4.V12.Lib\Tyuiu.BelousovaOD.Sprint1.Task4.V12.Lib.csproj", "{5DC2D2ED-F542-4CB3-A03B-041BEFA1CA11}"
EndProject
Project("{FAE04EC0-301F-11D3-BF4B-00C04F79EFBC}") = "Tyuiu.BelousovaOD.Sprint1.Task4.V12.Test", "Tyuiu.BelousovaOD.Sprint1.Task4.V12.Test\Tyuiu.BelousovaOD.Sprint1.Task4.V12.Test.csproj", "{D78D3026-48E4-4ADE-B885-C0495EE286B0}"
EndProject
Global
	GlobalSection(SolutionConfigurationPlatforms) = preSolution
		Debug|Any CPU = Debug|Any CPU
		Release|Any CPU = Release|Any CPU
	EndGlobalSection
	GlobalSection(ProjectConfigurationPlatforms) = postSolution
		{40B4D338-6CF8-4BFA-9A25-E757F1DF52E6}.Debug|Any CPU.ActiveCfg = Debug|Any CPU
		{40B4D338-6CF8-4BFA-9A25-E757F1DF52E6}.Debug|Any CPU.Build.0 = Debug|Any CPU
		{40B4D338-6CF8-4BFA-9A25-E757F1DF52E6}.Release|Any CPU.ActiveCfg = Release|Any CPU
		{40B4D338-6CF8-4BFA-9A25-E757F1DF52E6}.Release|Any CPU.Build.0 = Release|Any CPU
		{EF20650D-857A-4197-BAF6-76B118A64C0E}.Debug|Any CPU.ActiveCfg = Debug|Any CPU
		{EF20650D-857A-4197-BAF6-76B118A64C0E}.Debug|Any CPU.Build.0 = Debug|Any CPU
		{EF20650D-857A-4197-BAF6-76B118A64C0E}.Release|Any CPU.ActiveCfg = Release|Any CPU
		{EF20650D-857A-4197-BAF6-76B118A64C0E}.Release|Any CPU.Build.0 = Release|Any CPU
		{C477D718-582A-412C-8AA1-675A667FF208}.Debug|Any CPU.ActiveCfg = Debug|Any CPU
		{C477D718-582A-412C-8AA1-675A667FF208}.Debug|Any CPU.Build.0 = Debug|Any CPU
		{C477D718-582A-412C-8AA1-675A667FF208}.Release|Any CPU.ActiveCfg = Release|Any CPU
		{C477D718-582A-412C-8AA1-675A667FF208}.Release|Any CPU.Build.0 = Release|Any CPU
		{5450C7A1-C6C5-45B1-90ED-3BDAC9A6C2CD}.Debug|Any CPU.ActiveCfg = Debug|Any CPU
		{5450C7A1-C6C5-45B1-90ED-3BDAC9A6C2CD}.Debug|Any CPU.Build.0 = Debug|Any CPU
		{5450C7A1-C6C5-45B1-90ED-3BDAC9A6C2CD}.Release|Any CPU.ActiveCfg = Release|Any CPU
		{5450C7A1-C6C5-45B1-90ED-3BDAC9A6C2CD}.Release|Any CPU.Build.0 = Release|Any CPU
		{58E9D469-464E-4553-9C4D-D97728D4189A}.Debug|Any CPU.ActiveCfg = Debug|Any CPU
		{58E9D469-464E-4553-9C4D-D97728D4189A}.Debug|Any CPU.Build.0 = Debug|Any CPU
		{58E9D469-464E-4553-9C4D-D97728D4189A}.Release|Any CPU.ActiveCfg = Release|Any CPU
		{58E9D469-464E-4553-9C4D-D97728D4189A}.Release|Any CPU.Build.0 = Release|Any CPU
		{9F57F014-61EB-455F-83F9-C06B91B57BF7}.Debug|Any CPU.ActiveCfg = Debug|Any CPU
		{9F57F014-61EB-455F-83F9-C06B91B57BF7}.Debug|Any CPU.Build.0 = Debug|Any CPU
		{9F57F014-61EB-455F-83F9-C06B91B57BF7}.Release|Any CPU.ActiveCfg = Release|Any CPU
		{9F57F014-61EB-455F-83F9-C06B91B57BF7}.Release|Any CPU.Build.0 = Release|Any CPU
		{94538919-E81C-4EE5-9545-7C38DCAFA179}.Debug|Any CPU.ActiveCfg = Debug|Any CPU
		{94538919-E81C-4EE5-9545-7C38DCAFA179}.Debug|Any CPU.Build.0 = Debug|Any CPU
		{94538919-E81C-4EE5-9545-7C38DCAFA179}.Release|Any CPU.ActiveCfg = Release|Any CPU
		{94538919-E81C-4EE5-9545-7C38DCAFA179}.Release|Any CPU.Build.0 = Release|Any CPU
		{09B891AE-89EC-46B4-ADFE-5FA414212A4F}.Debug|Any CPU.ActiveCfg = Debug|Any CPU
		{09B891AE-89EC-46B4-ADFE-5FA414212A4F}.Debug|Any CPU.Build.0 = Debug|Any CPU
		{09B891AE-89EC-46B4-ADFE-5FA414212A4F}.Release|Any CPU.ActiveCfg = Release|Any CPU
		{09B891AE-89EC-46B4-ADFE-5FA414212A4F}.Release|Any CPU.Build.0 = Release|Any CPU
		{3F3644F5-D889-4921-BE25-17B6CDA2F47C}.Debug|Any CPU.ActiveCfg = Debug|Any CPU
		{3F3644F5-D889-4921-BE25-17B6CDA2F47C}.Debug|Any CPU.Build.0 = Debug|Any CPU
		{3F3644F5-D889-4921-BE25-17B6CDA2F47C}.Release|Any CPU.ActiveCfg = Release|Any CPU
		{3F3644F5-D889-4921-BE25-17B6CDA2F47C}.Release|Any CPU.Build.0 = Release|Any CPU
		{2E3711B8-B14E-466A-9CF8-8C7F414769D9}.Debug|Any CPU.ActiveCfg = Debug|Any CPU
		{2E3711B8-B14E-466A-9CF8-8C7F414769D9}.Debug|Any CPU.Build.0 = Debug|Any CPU
		{2E3711B8-B14E-466A-9CF8-8C7F414769D9}.Release|Any CPU.ActiveCfg = Release|Any CPU
		{2E3711B8-B14E-466A-9CF8-8C7F414769D9}.Release|Any CPU.Build.0 = Release|Any CPU
		{A55B8D7E-57D1-4AAC-A896-0791BE4D8D23}.Debug|Any CPU.ActiveCfg = Debug|Any CPU
		{A55B8D7E-57D1-4AAC-A896-0791BE4D8D23}.Debug|Any CPU.Build.0 = Debug|Any CPU
		{A55B8D7E-57D1-4AAC-A896-0791BE4D8D23}.Release|Any CPU.ActiveCfg = Release|Any CPU
		{A55B8D7E-57D1-4AAC-A896-0791BE4D8D23}.Release|Any CPU.Build.0 = Release|Any CPU
		{9D2E3760-B038-4733-AFAB-C10C1F1301AB}.Debug|Any CPU.ActiveCfg = Debug|Any CPU
		{9D2E3760-B038-4733-AFAB-C10C1F1301AB}.Debug|Any CPU.Build.0 = Debug|Any CPU
		{9D2E3760-B038-4733-AFAB-C10C1F1301AB}.Release|Any CPU.ActiveCfg = Release|Any CPU
		{9D2E3760-B038-4733-AFAB-C10C1F1301AB}.Release|Any CPU.Build.0 = Release|Any CPU
		{813E3538-B487-461B-AC5A-6CE1D6EF9E65}.Debug|Any CPU.ActiveCfg = Debug|Any CPU
		{813E3538-B487-461B-AC5A-6CE1D6EF9E65}.Debug|Any CPU.Build.0 = Debug|Any CPU
		{813E3538-B487-461B-AC5A-6CE1D6EF9E65}.Release|Any CPU.ActiveCfg = Release|Any CPU
		{813E3538-B487-461B-AC5A-6CE1D6EF9E65}.Release|Any CPU.Build.0 = Release|Any CPU
		{5DC2D2ED-F542-4CB3-A03B-041BEFA1CA11}.Debug|Any CPU.ActiveCfg = Debug|Any CPU
		{5DC2D2ED-F542-4CB3-A03B-041BEFA1CA11}.Debug|Any CPU.Build.0 = Debug|Any CPU
		{5DC2D2ED-F542-4CB3-A03B-041BEFA1CA11}.Release|Any CPU.ActiveCfg = Release|Any CPU
		{5DC2D2ED-F542-4CB3-A03B-041BEFA1CA11}.Release|Any CPU.Build.0 = Release|Any CPU
		{D78D3026-48E4-4ADE-B885-C0495EE286B0}.Debug|Any CPU.ActiveCfg = Debug|Any CPU
		{D78D3026-48E4-4ADE-B885-C0495EE286B0}.Debug|Any CPU.Build.0 = Debug|Any CPU
		{D78D3026-48E4-4ADE-B885-C0495EE286B0}.Release|Any CPU.ActiveCfg = Release|Any CPU
		{D78D3026-48E4-4ADE-B885-C0495EE286B0}.Release|Any CPU.Build.0 = Release|Any CPU
	EndGlobalSection
	GlobalSection(SolutionProperties) = preSolution
		HideSolutionNode = FALSE
	EndGlobalSection
	GlobalSection(NestedProjects) = preSolution
		{40B4D338-6CF8-4BFA-9A25-E757F1DF52E6} = {E9E097C8-1E85-482E-A76E-54F29FDD0367}
		{EF20650D-857A-4197-BAF6-76B118A64C0E} = {E9E097C8-1E85-482E-A76E-54F29FDD0367}
		{C477D718-582A-412C-8AA1-675A667FF208} = {E9E097C8-1E85-482E-A76E-54F29FDD0367}
		{5450C7A1-C6C5-45B1-90ED-3BDAC9A6C2CD} = {0AA8C66A-FC8F-48DC-83F9-34197BA65076}
		{58E9D469-464E-4553-9C4D-D97728D4189A} = {0AA8C66A-FC8F-48DC-83F9-34197BA65076}
		{9F57F014-61EB-455F-83F9-C06B91B57BF7} = {0AA8C66A-FC8F-48DC-83F9-34197BA65076}
		{94538919-E81C-4EE5-9545-7C38DCAFA179} = {60527A5C-4258-4BA6-8C67-BC1B85080CAE}
		{09B891AE-89EC-46B4-ADFE-5FA414212A4F} = {60527A5C-4258-4BA6-8C67-BC1B85080CAE}
		{3F3644F5-D889-4921-BE25-17B6CDA2F47C} = {60527A5C-4258-4BA6-8C67-BC1B85080CAE}
		{2E3711B8-B14E-466A-9CF8-8C7F414769D9} = {3E8281F0-7B6A-4494-A8B5-F379E5889E0D}
		{A55B8D7E-57D1-4AAC-A896-0791BE4D8D23} = {3E8281F0-7B6A-4494-A8B5-F379E5889E0D}
		{9D2E3760-B038-4733-AFAB-C10C1F1301AB} = {3E8281F0-7B6A-4494-A8B5-F379E5889E0D}
		{813E3538-B487-461B-AC5A-6CE1D6EF9E65} = {057EEAA8-7A31-4D24-B8CE-3DE3E732449A}
		{5DC2D2ED-F542-4CB3-A03B-041BEFA1CA11} = {057EEAA8-7A31-4D24-B8CE-3DE3E732449A}
		{D78D3026-48E4-4ADE-B885-C0495EE286B0} = {057EEAA8-7A31-4D24-B8CE-3DE3E732449A}
	EndGlobalSection
	GlobalSection(ExtensibilityGlobals) = postSolution
		SolutionGuid = {1AE1B6A2-086C-409F-97B1-1BFE42610008}
	EndGlobalSection
EndGlobal
