
Microsoft Visual Studio Solution File, Format Version 12.00
# Visual Studio Version 17
VisualStudioVersion = 17.11.35327.3
MinimumVisualStudioVersion = 10.0.40219.1
Project("{2150E333-8FDC-42A3-9474-1A3956D46DE8}") = "Task0", "Task0", "{420CA6DA-E268-4D9F-93F6-F9D55C02C380}"
EndProject
Project("{FAE04EC0-301F-11D3-BF4B-00C04F79EFBC}") = "Tyuiu.BelousovaOD.Sprint1.Task0.V21", "Tyuiu.BelousovaOD.Sprint1.Task0.V21\Tyuiu.BelousovaOD.Sprint1.Task0.V21.csproj", "{BDB107B5-366D-4449-99C5-4E81427EA82B}"
EndProject
Project("{FAE04EC0-301F-11D3-BF4B-00C04F79EFBC}") = "Tyuiu.BelousovaOD.Sprint1.Task0.V21.Lib", "Tyuiu.BelousovaOD.Sprint1.Task0.V21.Lib\Tyuiu.BelousovaOD.Sprint1.Task0.V21.Lib.csproj", "{C541BEB8-41C0-4FF4-AADB-0B60B0E11AB7}"
EndProject
Project("{FAE04EC0-301F-11D3-BF4B-00C04F79EFBC}") = "Tyuiu.BelousovaOD.Sprint1.Task0.V21.Test", "Tyuiu.BelousovaOD.Sprint1.Task0.V21.Test\Tyuiu.BelousovaOD.Sprint1.Task0.V21.Test.csproj", "{E2105C7B-DE44-489B-88ED-0F1A9F4DA2C8}"
EndProject
Project("{2150E333-8FDC-42A3-9474-1A3956D46DE8}") = "Task1", "Task1", "{60D9E5A8-A62B-41E7-A367-F2A14D08964E}"
EndProject
Project("{FAE04EC0-301F-11D3-BF4B-00C04F79EFBC}") = "Tyuiu.BelousovaOD.Sprint1.Task1.V13", "Tyuiu.BelousovaOD.Sprint1.Task1.V13\Tyuiu.BelousovaOD.Sprint1.Task1.V13.csproj", "{5CEAEB3D-2532-44C8-9E40-27DD4A7D988F}"
EndProject
Project("{FAE04EC0-301F-11D3-BF4B-00C04F79EFBC}") = "Tyuiu.BelousovaOD.Sprint1.Task1.V13.Lib", "Tyuiu.BelousovaOD.Sprint1.Task1.V13.Lib\Tyuiu.BelousovaOD.Sprint1.Task1.V13.Lib.csproj", "{BC5FBB6C-905E-4113-AE05-C6286E2115A3}"
EndProject
Project("{FAE04EC0-301F-11D3-BF4B-00C04F79EFBC}") = "Tyuiu.BelousovaOD.Sprint1.Task1.V13.Test", "Tyuiu.BelousovaOD.Sprint1.Task1.V13.Test\Tyuiu.BelousovaOD.Sprint1.Task1.V13.Test.csproj", "{B5E85128-BD3F-4652-8106-8BC732AAD0C7}"
EndProject
Project("{2150E333-8FDC-42A3-9474-1A3956D46DE8}") = "Task2", "Task2", "{113C77C1-1E66-4984-8B5D-01583092C341}"
EndProject
Project("{FAE04EC0-301F-11D3-BF4B-00C04F79EFBC}") = "Tyuiu.BelousovaOD.Sprint1.Task2.V28", "Tyuiu.BelousovaOD.Sprint1.Task2.V28\Tyuiu.BelousovaOD.Sprint1.Task2.V28.csproj", "{605376DC-9FAA-4F40-A1A9-C72E515FCD0F}"
EndProject
Project("{FAE04EC0-301F-11D3-BF4B-00C04F79EFBC}") = "Tyuiu.BelousovaOD.Sprint1.Task2.V28.Lib", "Tyuiu.BelousovaOD.Sprint1.Task2.V28.Lib\Tyuiu.BelousovaOD.Sprint1.Task2.V28.Lib.csproj", "{8016E763-9A8E-45BF-A70B-EE5A823417FB}"
EndProject
Project("{FAE04EC0-301F-11D3-BF4B-00C04F79EFBC}") = "Tyuiu.BelousovaOD.Sprint1.Task2.V28.Test", "Tyuiu.BelousovaOD.Sprint1.Task2.V28.Test\Tyuiu.BelousovaOD.Sprint1.Task2.V28.Test.csproj", "{D9666D3A-88F0-4D81-A074-C4B6EFCC8376}"
EndProject
Project("{2150E333-8FDC-42A3-9474-1A3956D46DE8}") = "Task3", "Task3", "{25B75E85-9E86-4714-B9A5-55BD7997CE96}"
EndProject
Project("{FAE04EC0-301F-11D3-BF4B-00C04F79EFBC}") = "Tyuiu.BelousovaOD.Sprint1.Task3.V11", "Tyuiu.BelousovaOD.Sprint1.Task3.V11\Tyuiu.BelousovaOD.Sprint1.Task3.V11.csproj", "{26E1C9C8-E78E-45AE-98F6-79151876D253}"
EndProject
Project("{FAE04EC0-301F-11D3-BF4B-00C04F79EFBC}") = "Tyuiu.BelousovaOD.Sprint1.Task3.V11.Lib", "Tyuiu.BelousovaOD.Sprint1.Task3.V11.Lib\Tyuiu.BelousovaOD.Sprint1.Task3.V11.Lib.csproj", "{BE7476C1-C37E-4040-B442-E72E79D2157C}"
EndProject
Project("{FAE04EC0-301F-11D3-BF4B-00C04F79EFBC}") = "Tyuiu.BelousovaOD.Sprint1.Task3.V11.Test", "Tyuiu.BelousovaOD.Sprint1.Task3.V11.Test\Tyuiu.BelousovaOD.Sprint1.Task3.V11.Test.csproj", "{72CA29FE-D4FB-4FC3-9314-23CF1B96A65A}"
EndProject
Project("{2150E333-8FDC-42A3-9474-1A3956D46DE8}") = "Task4", "Task4", "{E4B7E1BA-5B5D-4991-97E0-5EA340D27FB1}"
EndProject
Project("{FAE04EC0-301F-11D3-BF4B-00C04F79EFBC}") = "Tyuiu.BelousovaOD.Sprint1.Task4.V12", "Tyuiu.BelousovaOD.Sprint1.Task4.V12\Tyuiu.BelousovaOD.Sprint1.Task4.V12.csproj", "{86CD9C94-BD82-4FE4-B765-D60DB037A2D0}"
EndProject
Project("{FAE04EC0-301F-11D3-BF4B-00C04F79EFBC}") = "Tyuiu.BelousovaOD.Sprint1.Task4.V12.Lib", "Tyuiu.BelousovaOD.Sprint1.Task4.V12.Lib\Tyuiu.BelousovaOD.Sprint1.Task4.V12.Lib.csproj", "{EBDBC5F1-C337-4F1B-AB65-B6E2F5CE1D9F}"
EndProject
Project("{FAE04EC0-301F-11D3-BF4B-00C04F79EFBC}") = "Tyuiu.BelousovaOD.Sprint1.Task4.V12.Test", "Tyuiu.BelousovaOD.Sprint1.Task4.V12.Test\Tyuiu.BelousovaOD.Sprint1.Task4.V12.Test.csproj", "{0AC5820F-1B1E-4795-A4F0-24383BB04B93}"
EndProject
Project("{2150E333-8FDC-42A3-9474-1A3956D46DE8}") = "Task5", "Task5", "{B8BC6F50-9F1C-4DEE-97B3-7EF333D8E069}"
EndProject
Project("{FAE04EC0-301F-11D3-BF4B-00C04F79EFBC}") = "Tyuiu.BelousovaOD.Sprint1.Task5.V3", "Tyuiu.BelousovaOD.Sprint1.Task5.V3\Tyuiu.BelousovaOD.Sprint1.Task5.V3.csproj", "{9D191026-9F37-413A-A605-D337F6FD2A42}"
EndProject
Project("{FAE04EC0-301F-11D3-BF4B-00C04F79EFBC}") = "Tyuiu.BelousovaOD.Sprint1.Task5.V3.Lib", "Tyuiu.BelousovaOD.Sprint1.Task5.V3.Lib\Tyuiu.BelousovaOD.Sprint1.Task5.V3.Lib.csproj", "{D8886408-8AC2-4CB3-85F1-3D0B17AB115D}"
EndProject
Project("{FAE04EC0-301F-11D3-BF4B-00C04F79EFBC}") = "Tyuiu.BelousovaOD.Sprint1.Task5.V3.Test", "Tyuiu.BelousovaOD.Sprint1.Task5.V3.Test\Tyuiu.BelousovaOD.Sprint1.Task5.V3.Test.csproj", "{C279165E-B184-4AA6-8AEA-5F555C8EC4F4}"
EndProject
Project("{2150E333-8FDC-42A3-9474-1A3956D46DE8}") = "Task6", "Task6", "{6522F654-23F4-4077-9A05-4D9C802E1201}"
EndProject
Project("{FAE04EC0-301F-11D3-BF4B-00C04F79EFBC}") = "Tyuiu.BelousovaOD.Sprint1.Task6.V11", "Tyuiu.BelousovaOD.Sprint1.Task6.V11\Tyuiu.BelousovaOD.Sprint1.Task6.V11.csproj", "{AECA6B2F-FCD7-4256-9DAF-0BE6EB5F97B7}"
EndProject
Project("{FAE04EC0-301F-11D3-BF4B-00C04F79EFBC}") = "Tyuiu.BelousovaOD.Sprint1.Task6.V11.Lib", "Tyuiu.BelousovaOD.Sprint1.Task6.V11.Lib\Tyuiu.BelousovaOD.Sprint1.Task6.V11.Lib.csproj", "{3FC22081-D1B8-4571-BE8C-2E565507FC04}"
EndProject
Project("{FAE04EC0-301F-11D3-BF4B-00C04F79EFBC}") = "Tyuiu.BelousovaOD.Sprint1.Task6.V11.Test", "Tyuiu.BelousovaOD.Sprint1.Task6.V11.Test\Tyuiu.BelousovaOD.Sprint1.Task6.V11.Test.csproj", "{28CA0E3F-3F0B-4FF6-8AEF-2F48556BBB81}"
EndProject
Global
	GlobalSection(SolutionConfigurationPlatforms) = preSolution
		Debug|Any CPU = Debug|Any CPU
		Release|Any CPU = Release|Any CPU
	EndGlobalSection
	GlobalSection(ProjectConfigurationPlatforms) = postSolution
		{BDB107B5-366D-4449-99C5-4E81427EA82B}.Debug|Any CPU.ActiveCfg = Debug|Any CPU
		{BDB107B5-366D-4449-99C5-4E81427EA82B}.Debug|Any CPU.Build.0 = Debug|Any CPU
		{BDB107B5-366D-4449-99C5-4E81427EA82B}.Release|Any CPU.ActiveCfg = Release|Any CPU
		{BDB107B5-366D-4449-99C5-4E81427EA82B}.Release|Any CPU.Build.0 = Release|Any CPU
		{C541BEB8-41C0-4FF4-AADB-0B60B0E11AB7}.Debug|Any CPU.ActiveCfg = Debug|Any CPU
		{C541BEB8-41C0-4FF4-AADB-0B60B0E11AB7}.Debug|Any CPU.Build.0 = Debug|Any CPU
		{C541BEB8-41C0-4FF4-AADB-0B60B0E11AB7}.Release|Any CPU.ActiveCfg = Release|Any CPU
		{C541BEB8-41C0-4FF4-AADB-0B60B0E11AB7}.Release|Any CPU.Build.0 = Release|Any CPU
		{E2105C7B-DE44-489B-88ED-0F1A9F4DA2C8}.Debug|Any CPU.ActiveCfg = Debug|Any CPU
		{E2105C7B-DE44-489B-88ED-0F1A9F4DA2C8}.Debug|Any CPU.Build.0 = Debug|Any CPU
		{E2105C7B-DE44-489B-88ED-0F1A9F4DA2C8}.Release|Any CPU.ActiveCfg = Release|Any CPU
		{E2105C7B-DE44-489B-88ED-0F1A9F4DA2C8}.Release|Any CPU.Build.0 = Release|Any CPU
		{5CEAEB3D-2532-44C8-9E40-27DD4A7D988F}.Debug|Any CPU.ActiveCfg = Debug|Any CPU
		{5CEAEB3D-2532-44C8-9E40-27DD4A7D988F}.Debug|Any CPU.Build.0 = Debug|Any CPU
		{5CEAEB3D-2532-44C8-9E40-27DD4A7D988F}.Release|Any CPU.ActiveCfg = Release|Any CPU
		{5CEAEB3D-2532-44C8-9E40-27DD4A7D988F}.Release|Any CPU.Build.0 = Release|Any CPU
		{BC5FBB6C-905E-4113-AE05-C6286E2115A3}.Debug|Any CPU.ActiveCfg = Debug|Any CPU
		{BC5FBB6C-905E-4113-AE05-C6286E2115A3}.Debug|Any CPU.Build.0 = Debug|Any CPU
		{BC5FBB6C-905E-4113-AE05-C6286E2115A3}.Release|Any CPU.ActiveCfg = Release|Any CPU
		{BC5FBB6C-905E-4113-AE05-C6286E2115A3}.Release|Any CPU.Build.0 = Release|Any CPU
		{B5E85128-BD3F-4652-8106-8BC732AAD0C7}.Debug|Any CPU.ActiveCfg = Debug|Any CPU
		{B5E85128-BD3F-4652-8106-8BC732AAD0C7}.Debug|Any CPU.Build.0 = Debug|Any CPU
		{B5E85128-BD3F-4652-8106-8BC732AAD0C7}.Release|Any CPU.ActiveCfg = Release|Any CPU
		{B5E85128-BD3F-4652-8106-8BC732AAD0C7}.Release|Any CPU.Build.0 = Release|Any CPU
		{605376DC-9FAA-4F40-A1A9-C72E515FCD0F}.Debug|Any CPU.ActiveCfg = Debug|Any CPU
		{605376DC-9FAA-4F40-A1A9-C72E515FCD0F}.Debug|Any CPU.Build.0 = Debug|Any CPU
		{605376DC-9FAA-4F40-A1A9-C72E515FCD0F}.Release|Any CPU.ActiveCfg = Release|Any CPU
		{605376DC-9FAA-4F40-A1A9-C72E515FCD0F}.Release|Any CPU.Build.0 = Release|Any CPU
		{8016E763-9A8E-45BF-A70B-EE5A823417FB}.Debug|Any CPU.ActiveCfg = Debug|Any CPU
		{8016E763-9A8E-45BF-A70B-EE5A823417FB}.Debug|Any CPU.Build.0 = Debug|Any CPU
		{8016E763-9A8E-45BF-A70B-EE5A823417FB}.Release|Any CPU.ActiveCfg = Release|Any CPU
		{8016E763-9A8E-45BF-A70B-EE5A823417FB}.Release|Any CPU.Build.0 = Release|Any CPU
		{D9666D3A-88F0-4D81-A074-C4B6EFCC8376}.Debug|Any CPU.ActiveCfg = Debug|Any CPU
		{D9666D3A-88F0-4D81-A074-C4B6EFCC8376}.Debug|Any CPU.Build.0 = Debug|Any CPU
		{D9666D3A-88F0-4D81-A074-C4B6EFCC8376}.Release|Any CPU.ActiveCfg = Release|Any CPU
		{D9666D3A-88F0-4D81-A074-C4B6EFCC8376}.Release|Any CPU.Build.0 = Release|Any CPU
		{26E1C9C8-E78E-45AE-98F6-79151876D253}.Debug|Any CPU.ActiveCfg = Debug|Any CPU
		{26E1C9C8-E78E-45AE-98F6-79151876D253}.Debug|Any CPU.Build.0 = Debug|Any CPU
		{26E1C9C8-E78E-45AE-98F6-79151876D253}.Release|Any CPU.ActiveCfg = Release|Any CPU
		{26E1C9C8-E78E-45AE-98F6-79151876D253}.Release|Any CPU.Build.0 = Release|Any CPU
		{BE7476C1-C37E-4040-B442-E72E79D2157C}.Debug|Any CPU.ActiveCfg = Debug|Any CPU
		{BE7476C1-C37E-4040-B442-E72E79D2157C}.Debug|Any CPU.Build.0 = Debug|Any CPU
		{BE7476C1-C37E-4040-B442-E72E79D2157C}.Release|Any CPU.ActiveCfg = Release|Any CPU
		{BE7476C1-C37E-4040-B442-E72E79D2157C}.Release|Any CPU.Build.0 = Release|Any CPU
		{72CA29FE-D4FB-4FC3-9314-23CF1B96A65A}.Debug|Any CPU.ActiveCfg = Debug|Any CPU
		{72CA29FE-D4FB-4FC3-9314-23CF1B96A65A}.Debug|Any CPU.Build.0 = Debug|Any CPU
		{72CA29FE-D4FB-4FC3-9314-23CF1B96A65A}.Release|Any CPU.ActiveCfg = Release|Any CPU
		{72CA29FE-D4FB-4FC3-9314-23CF1B96A65A}.Release|Any CPU.Build.0 = Release|Any CPU
		{86CD9C94-BD82-4FE4-B765-D60DB037A2D0}.Debug|Any CPU.ActiveCfg = Debug|Any CPU
		{86CD9C94-BD82-4FE4-B765-D60DB037A2D0}.Debug|Any CPU.Build.0 = Debug|Any CPU
		{86CD9C94-BD82-4FE4-B765-D60DB037A2D0}.Release|Any CPU.ActiveCfg = Release|Any CPU
		{86CD9C94-BD82-4FE4-B765-D60DB037A2D0}.Release|Any CPU.Build.0 = Release|Any CPU
		{EBDBC5F1-C337-4F1B-AB65-B6E2F5CE1D9F}.Debug|Any CPU.ActiveCfg = Debug|Any CPU
		{EBDBC5F1-C337-4F1B-AB65-B6E2F5CE1D9F}.Debug|Any CPU.Build.0 = Debug|Any CPU
		{EBDBC5F1-C337-4F1B-AB65-B6E2F5CE1D9F}.Release|Any CPU.ActiveCfg = Release|Any CPU
		{EBDBC5F1-C337-4F1B-AB65-B6E2F5CE1D9F}.Release|Any CPU.Build.0 = Release|Any CPU
		{0AC5820F-1B1E-4795-A4F0-24383BB04B93}.Debug|Any CPU.ActiveCfg = Debug|Any CPU
		{0AC5820F-1B1E-4795-A4F0-24383BB04B93}.Debug|Any CPU.Build.0 = Debug|Any CPU
		{0AC5820F-1B1E-4795-A4F0-24383BB04B93}.Release|Any CPU.ActiveCfg = Release|Any CPU
		{0AC5820F-1B1E-4795-A4F0-24383BB04B93}.Release|Any CPU.Build.0 = Release|Any CPU
		{9D191026-9F37-413A-A605-D337F6FD2A42}.Debug|Any CPU.ActiveCfg = Debug|Any CPU
		{9D191026-9F37-413A-A605-D337F6FD2A42}.Debug|Any CPU.Build.0 = Debug|Any CPU
		{9D191026-9F37-413A-A605-D337F6FD2A42}.Release|Any CPU.ActiveCfg = Release|Any CPU
		{9D191026-9F37-413A-A605-D337F6FD2A42}.Release|Any CPU.Build.0 = Release|Any CPU
		{D8886408-8AC2-4CB3-85F1-3D0B17AB115D}.Debug|Any CPU.ActiveCfg = Debug|Any CPU
		{D8886408-8AC2-4CB3-85F1-3D0B17AB115D}.Debug|Any CPU.Build.0 = Debug|Any CPU
		{D8886408-8AC2-4CB3-85F1-3D0B17AB115D}.Release|Any CPU.ActiveCfg = Release|Any CPU
		{D8886408-8AC2-4CB3-85F1-3D0B17AB115D}.Release|Any CPU.Build.0 = Release|Any CPU
		{C279165E-B184-4AA6-8AEA-5F555C8EC4F4}.Debug|Any CPU.ActiveCfg = Debug|Any CPU
		{C279165E-B184-4AA6-8AEA-5F555C8EC4F4}.Debug|Any CPU.Build.0 = Debug|Any CPU
		{C279165E-B184-4AA6-8AEA-5F555C8EC4F4}.Release|Any CPU.ActiveCfg = Release|Any CPU
		{C279165E-B184-4AA6-8AEA-5F555C8EC4F4}.Release|Any CPU.Build.0 = Release|Any CPU
		{AECA6B2F-FCD7-4256-9DAF-0BE6EB5F97B7}.Debug|Any CPU.ActiveCfg = Debug|Any CPU
		{AECA6B2F-FCD7-4256-9DAF-0BE6EB5F97B7}.Debug|Any CPU.Build.0 = Debug|Any CPU
		{AECA6B2F-FCD7-4256-9DAF-0BE6EB5F97B7}.Release|Any CPU.ActiveCfg = Release|Any CPU
		{AECA6B2F-FCD7-4256-9DAF-0BE6EB5F97B7}.Release|Any CPU.Build.0 = Release|Any CPU
		{3FC22081-D1B8-4571-BE8C-2E565507FC04}.Debug|Any CPU.ActiveCfg = Debug|Any CPU
		{3FC22081-D1B8-4571-BE8C-2E565507FC04}.Debug|Any CPU.Build.0 = Debug|Any CPU
		{3FC22081-D1B8-4571-BE8C-2E565507FC04}.Release|Any CPU.ActiveCfg = Release|Any CPU
		{3FC22081-D1B8-4571-BE8C-2E565507FC04}.Release|Any CPU.Build.0 = Release|Any CPU
		{28CA0E3F-3F0B-4FF6-8AEF-2F48556BBB81}.Debug|Any CPU.ActiveCfg = Debug|Any CPU
		{28CA0E3F-3F0B-4FF6-8AEF-2F48556BBB81}.Debug|Any CPU.Build.0 = Debug|Any CPU
		{28CA0E3F-3F0B-4FF6-8AEF-2F48556BBB81}.Release|Any CPU.ActiveCfg = Release|Any CPU
		{28CA0E3F-3F0B-4FF6-8AEF-2F48556BBB81}.Release|Any CPU.Build.0 = Release|Any CPU
	EndGlobalSection
	GlobalSection(SolutionProperties) = preSolution
		HideSolutionNode = FALSE
	EndGlobalSection
	GlobalSection(NestedProjects) = preSolution
		{BDB107B5-366D-4449-99C5-4E81427EA82B} = {420CA6DA-E268-4D9F-93F6-F9D55C02C380}
		{C541BEB8-41C0-4FF4-AADB-0B60B0E11AB7} = {420CA6DA-E268-4D9F-93F6-F9D55C02C380}
		{E2105C7B-DE44-489B-88ED-0F1A9F4DA2C8} = {420CA6DA-E268-4D9F-93F6-F9D55C02C380}
		{5CEAEB3D-2532-44C8-9E40-27DD4A7D988F} = {60D9E5A8-A62B-41E7-A367-F2A14D08964E}
		{BC5FBB6C-905E-4113-AE05-C6286E2115A3} = {60D9E5A8-A62B-41E7-A367-F2A14D08964E}
		{B5E85128-BD3F-4652-8106-8BC732AAD0C7} = {60D9E5A8-A62B-41E7-A367-F2A14D08964E}
		{605376DC-9FAA-4F40-A1A9-C72E515FCD0F} = {113C77C1-1E66-4984-8B5D-01583092C341}
		{8016E763-9A8E-45BF-A70B-EE5A823417FB} = {113C77C1-1E66-4984-8B5D-01583092C341}
		{D9666D3A-88F0-4D81-A074-C4B6EFCC8376} = {113C77C1-1E66-4984-8B5D-01583092C341}
		{26E1C9C8-E78E-45AE-98F6-79151876D253} = {25B75E85-9E86-4714-B9A5-55BD7997CE96}
		{BE7476C1-C37E-4040-B442-E72E79D2157C} = {25B75E85-9E86-4714-B9A5-55BD7997CE96}
		{72CA29FE-D4FB-4FC3-9314-23CF1B96A65A} = {25B75E85-9E86-4714-B9A5-55BD7997CE96}
		{86CD9C94-BD82-4FE4-B765-D60DB037A2D0} = {E4B7E1BA-5B5D-4991-97E0-5EA340D27FB1}
		{EBDBC5F1-C337-4F1B-AB65-B6E2F5CE1D9F} = {E4B7E1BA-5B5D-4991-97E0-5EA340D27FB1}
		{0AC5820F-1B1E-4795-A4F0-24383BB04B93} = {E4B7E1BA-5B5D-4991-97E0-5EA340D27FB1}
		{9D191026-9F37-413A-A605-D337F6FD2A42} = {B8BC6F50-9F1C-4DEE-97B3-7EF333D8E069}
		{D8886408-8AC2-4CB3-85F1-3D0B17AB115D} = {B8BC6F50-9F1C-4DEE-97B3-7EF333D8E069}
		{C279165E-B184-4AA6-8AEA-5F555C8EC4F4} = {B8BC6F50-9F1C-4DEE-97B3-7EF333D8E069}
		{AECA6B2F-FCD7-4256-9DAF-0BE6EB5F97B7} = {6522F654-23F4-4077-9A05-4D9C802E1201}
		{3FC22081-D1B8-4571-BE8C-2E565507FC04} = {6522F654-23F4-4077-9A05-4D9C802E1201}
		{28CA0E3F-3F0B-4FF6-8AEF-2F48556BBB81} = {6522F654-23F4-4077-9A05-4D9C802E1201}
	EndGlobalSection
	GlobalSection(ExtensibilityGlobals) = postSolution
		SolutionGuid = {0FEE97EA-6360-4D51-8421-4DDD4E095A80}
	EndGlobalSection
EndGlobal
