
Microsoft Visual Studio Solution File, Format Version 12.00
# Visual Studio Version 17
VisualStudioVersion = 17.11.35312.102
MinimumVisualStudioVersion = 10.0.40219.1
Project("{2150E333-8FDC-42A3-9474-1A3956D46DE8}") = "Task0", "Task0", "{E9E097C8-1E85-482E-A76E-54F29FDD0367}"
EndProject
Project("{FAE04EC0-301F-11D3-BF4B-00C04F79EFBC}") = "Tyuiu.BelousovaOD.Sprint1.Task0.V21", "Tyuiu.BelousovaOD.Sprint1.Task0.V21\Tyuiu.BelousovaOD.Sprint1.Task0.V21.csproj", "{40B4D338-6CF8-4BFA-9A25-E757F1DF52E6}"
EndProject
Project("{FAE04EC0-301F-11D3-BF4B-00C04F79EFBC}") = "Tyuiu.BelousovaOD.Sprint1.Task0.V21.Lib", "Tyuiu.BelousovaOD.Sprint1.Task0.V21.Lib\Tyuiu.BelousovaOD.Sprint1.Task0.V21.Lib.csproj", "{EF20650D-857A-4197-BAF6-76B118A64C0E}"
EndProject
Project("{FAE04EC0-301F-11D3-BF4B-00C04F79EFBC}") = "Tyuiu.BelousovaOD.Sprint1.Task0.V21.Test", "Tyuiu.BelousovaOD.Sprint1.Task0.V21.Test\Tyuiu.BelousovaOD.Sprint1.Task0.V21.Test.csproj", "{C477D718-582A-412C-8AA1-675A667FF208}"
EndProject
Project("{2150E333-8FDC-42A3-9474-1A3956D46DE8}") = "Task1", "Task1", "{0AA8C66A-FC8F-48DC-83F9-34197BA65076}"
EndProject
Project("{FAE04EC0-301F-11D3-BF4B-00C04F79EFBC}") = "Tyuiu.BelousovaOD.Sprint1.Task1.V13", "Tyuiu.BelousovaOD.Sprint1.Task1.V13\Tyuiu.BelousovaOD.Sprint1.Task1.V13.csproj", "{5450C7A1-C6C5-45B1-90ED-3BDAC9A6C2CD}"
EndProject
Project("{FAE04EC0-301F-11D3-BF4B-00C04F79EFBC}") = "Tyuiu.BelousovaOD.Sprint1.Task1.V13.Lib", "Tyuiu.BelousovaOD.Sprint1.Task1.V13.Lib\Tyuiu.BelousovaOD.Sprint1.Task1.V13.Lib.csproj", "{58E9D469-464E-4553-9C4D-D97728D4189A}"
EndProject
Project("{FAE04EC0-301F-11D3-BF4B-00C04F79EFBC}") = "Tyuiu.BelousovaOD.Sprint1.Task1.V13.Test", "Tyuiu.BelousovaOD.Sprint1.Task1.V13.Test\Tyuiu.BelousovaOD.Sprint1.Task1.V13.Test.csproj", "{9F57F014-61EB-455F-83F9-C06B91B57BF7}"
EndProject
Global
	GlobalSection(SolutionConfigurationPlatforms) = preSolution
		Debug|Any CPU = Debug|Any CPU
		Release|Any CPU = Release|Any CPU
	EndGlobalSection
	GlobalSection(ProjectConfigurationPlatforms) = postSolution
		{40B4D338-6CF8-4BFA-9A25-E757F1DF52E6}.Debug|Any CPU.ActiveCfg = Debug|Any CPU
		{40B4D338-6CF8-4BFA-9A25-E757F1DF52E6}.Debug|Any CPU.Build.0 = Debug|Any CPU
		{40B4D338-6CF8-4BFA-9A25-E757F1DF52E6}.Release|Any CPU.ActiveCfg = Release|Any CPU
		{40B4D338-6CF8-4BFA-9A25-E757F1DF52E6}.Release|Any CPU.Build.0 = Release|Any CPU
		{EF20650D-857A-4197-BAF6-76B118A64C0E}.Debug|Any CPU.ActiveCfg = Debug|Any CPU
		{EF20650D-857A-4197-BAF6-76B118A64C0E}.Debug|Any CPU.Build.0 = Debug|Any CPU
		{EF20650D-857A-4197-BAF6-76B118A64C0E}.Release|Any CPU.ActiveCfg = Release|Any CPU
		{EF20650D-857A-4197-BAF6-76B118A64C0E}.Release|Any CPU.Build.0 = Release|Any CPU
		{C477D718-582A-412C-8AA1-675A667FF208}.Debug|Any CPU.ActiveCfg = Debug|Any CPU
		{C477D718-582A-412C-8AA1-675A667FF208}.Debug|Any CPU.Build.0 = Debug|Any CPU
		{C477D718-582A-412C-8AA1-675A667FF208}.Release|Any CPU.ActiveCfg = Release|Any CPU
		{C477D718-582A-412C-8AA1-675A667FF208}.Release|Any CPU.Build.0 = Release|Any CPU
		{5450C7A1-C6C5-45B1-90ED-3BDAC9A6C2CD}.Debug|Any CPU.ActiveCfg = Debug|Any CPU
		{5450C7A1-C6C5-45B1-90ED-3BDAC9A6C2CD}.Debug|Any CPU.Build.0 = Debug|Any CPU
		{5450C7A1-C6C5-45B1-90ED-3BDAC9A6C2CD}.Release|Any CPU.ActiveCfg = Release|Any CPU
		{5450C7A1-C6C5-45B1-90ED-3BDAC9A6C2CD}.Release|Any CPU.Build.0 = Release|Any CPU
		{58E9D469-464E-4553-9C4D-D97728D4189A}.Debug|Any CPU.ActiveCfg = Debug|Any CPU
		{58E9D469-464E-4553-9C4D-D97728D4189A}.Debug|Any CPU.Build.0 = Debug|Any CPU
		{58E9D469-464E-4553-9C4D-D97728D4189A}.Release|Any CPU.ActiveCfg = Release|Any CPU
		{58E9D469-464E-4553-9C4D-D97728D4189A}.Release|Any CPU.Build.0 = Release|Any CPU
		{9F57F014-61EB-455F-83F9-C06B91B57BF7}.Debug|Any CPU.ActiveCfg = Debug|Any CPU
		{9F57F014-61EB-455F-83F9-C06B91B57BF7}.Debug|Any CPU.Build.0 = Debug|Any CPU
		{9F57F014-61EB-455F-83F9-C06B91B57BF7}.Release|Any CPU.ActiveCfg = Release|Any CPU
		{9F57F014-61EB-455F-83F9-C06B91B57BF7}.Release|Any CPU.Build.0 = Release|Any CPU
	EndGlobalSection
	GlobalSection(SolutionProperties) = preSolution
		HideSolutionNode = FALSE
	EndGlobalSection
	GlobalSection(NestedProjects) = preSolution
		{40B4D338-6CF8-4BFA-9A25-E757F1DF52E6} = {E9E097C8-1E85-482E-A76E-54F29FDD0367}
		{EF20650D-857A-4197-BAF6-76B118A64C0E} = {E9E097C8-1E85-482E-A76E-54F29FDD0367}
		{C477D718-582A-412C-8AA1-675A667FF208} = {E9E097C8-1E85-482E-A76E-54F29FDD0367}
		{5450C7A1-C6C5-45B1-90ED-3BDAC9A6C2CD} = {0AA8C66A-FC8F-48DC-83F9-34197BA65076}
		{58E9D469-464E-4553-9C4D-D97728D4189A} = {0AA8C66A-FC8F-48DC-83F9-34197BA65076}
		{9F57F014-61EB-455F-83F9-C06B91B57BF7} = {0AA8C66A-FC8F-48DC-83F9-34197BA65076}
	EndGlobalSection
	GlobalSection(ExtensibilityGlobals) = postSolution
		SolutionGuid = {1AE1B6A2-086C-409F-97B1-1BFE42610008}
	EndGlobalSection
EndGlobal
